
Microsoft Visual Studio Solution File, Format Version 12.00
# Visual Studio Version 17
VisualStudioVersion = 17.11.35327.3
MinimumVisualStudioVersion = 10.0.40219.1
Project("{9A19103F-16F7-4668-BE54-9A1E7A4F7556}") = "ProductProvider.Presentation", "ProductProvider.Presentation\ProductProvider.Presentation.csproj", "{27D6BB3D-E67C-4854-84FE-027B965A58CD}"
EndProject
Project("{9A19103F-16F7-4668-BE54-9A1E7A4F7556}") = "ProductProvider.Business", "ProductProvider.Business\ProductProvider.Business.csproj", "{1096F827-55DE-4C0E-A195-53A05601456E}"
EndProject
Project("{9A19103F-16F7-4668-BE54-9A1E7A4F7556}") = "ProductProvider.Tests", "ProductProvider.Tests\ProductProvider.Tests.csproj", "{3481DC50-2AD6-4A85-95AC-45EC7E74E3D6}"
EndProject
Project("{FAE04EC0-301F-11D3-BF4B-00C04F79EFBC}") = "ProductProvider.Data", "ProductProvider.Data\ProductProvider.Data.csproj", "{CF4D80CE-3F21-4EAA-AF60-3D8EDC8A2DD5}"
EndProject
Project("{FAE04EC0-301F-11D3-BF4B-00C04F79EFBC}") = "ProductProvider.Domain", "ProductProvider.Domain\ProductProvider.Domain.csproj", "{9C56DD96-8381-4DB5-815C-EAD7E2A5B40A}"
EndProject
Global
	GlobalSection(SolutionConfigurationPlatforms) = preSolution
		Debug|Any CPU = Debug|Any CPU
		Release|Any CPU = Release|Any CPU
	EndGlobalSection
	GlobalSection(ProjectConfigurationPlatforms) = postSolution
		{27D6BB3D-E67C-4854-84FE-027B965A58CD}.Debug|Any CPU.ActiveCfg = Debug|Any CPU
		{27D6BB3D-E67C-4854-84FE-027B965A58CD}.Debug|Any CPU.Build.0 = Debug|Any CPU
		{27D6BB3D-E67C-4854-84FE-027B965A58CD}.Release|Any CPU.ActiveCfg = Release|Any CPU
		{27D6BB3D-E67C-4854-84FE-027B965A58CD}.Release|Any CPU.Build.0 = Release|Any CPU
		{1096F827-55DE-4C0E-A195-53A05601456E}.Debug|Any CPU.ActiveCfg = Debug|Any CPU
		{1096F827-55DE-4C0E-A195-53A05601456E}.Debug|Any CPU.Build.0 = Debug|Any CPU
		{1096F827-55DE-4C0E-A195-53A05601456E}.Release|Any CPU.ActiveCfg = Release|Any CPU
		{1096F827-55DE-4C0E-A195-53A05601456E}.Release|Any CPU.Build.0 = Release|Any CPU
		{3481DC50-2AD6-4A85-95AC-45EC7E74E3D6}.Debug|Any CPU.ActiveCfg = Debug|Any CPU
		{3481DC50-2AD6-4A85-95AC-45EC7E74E3D6}.Debug|Any CPU.Build.0 = Debug|Any CPU
		{3481DC50-2AD6-4A85-95AC-45EC7E74E3D6}.Release|Any CPU.ActiveCfg = Release|Any CPU
		{3481DC50-2AD6-4A85-95AC-45EC7E74E3D6}.Release|Any CPU.Build.0 = Release|Any CPU
		{CF4D80CE-3F21-4EAA-AF60-3D8EDC8A2DD5}.Debug|Any CPU.ActiveCfg = Debug|Any CPU
		{CF4D80CE-3F21-4EAA-AF60-3D8EDC8A2DD5}.Debug|Any CPU.Build.0 = Debug|Any CPU
		{CF4D80CE-3F21-4EAA-AF60-3D8EDC8A2DD5}.Release|Any CPU.ActiveCfg = Release|Any CPU
		{CF4D80CE-3F21-4EAA-AF60-3D8EDC8A2DD5}.Release|Any CPU.Build.0 = Release|Any CPU
		{9C56DD96-8381-4DB5-815C-EAD7E2A5B40A}.Debug|Any CPU.ActiveCfg = Debug|Any CPU
		{9C56DD96-8381-4DB5-815C-EAD7E2A5B40A}.Debug|Any CPU.Build.0 = Debug|Any CPU
		{9C56DD96-8381-4DB5-815C-EAD7E2A5B40A}.Release|Any CPU.ActiveCfg = Release|Any CPU
		{9C56DD96-8381-4DB5-815C-EAD7E2A5B40A}.Release|Any CPU.Build.0 = Release|Any CPU
	EndGlobalSection
	GlobalSection(SolutionProperties) = preSolution
		HideSolutionNode = FALSE
	EndGlobalSection
	GlobalSection(ExtensibilityGlobals) = postSolution
		SolutionGuid = {EEEF0482-E93D-49F1-859A-24D4ED46E092}
	EndGlobalSection
EndGlobal
